// !$*UTF8*$!
{
	archiveVersion = 1;
	classes = {
	};
	objectVersion = 56;
	objects = {

/* Begin PBXBuildFile section */
		140240C82950D887007207F5 /* ChatGPTAppApp.swift in Sources */ = {isa = PBXBuildFile; fileRef = 140240C72950D887007207F5 /* ChatGPTAppApp.swift */; };
		140240CA2950D887007207F5 /* ChatView.swift in Sources */ = {isa = PBXBuildFile; fileRef = 140240C92950D887007207F5 /* ChatView.swift */; };
		140240CC2950D888007207F5 /* Assets.xcassets in Resources */ = {isa = PBXBuildFile; fileRef = 140240CB2950D888007207F5 /* Assets.xcassets */; };
		140240CF2950D888007207F5 /* Preview Assets.xcassets in Resources */ = {isa = PBXBuildFile; fileRef = 140240CE2950D888007207F5 /* Preview Assets.xcassets */; };
		140C541E2A75154400C0D7F0 /* IncompatibleView.swift in Sources */ = {isa = PBXBuildFile; fileRef = 140C541D2A75154400C0D7F0 /* IncompatibleView.swift */; };
		143F5EE429CA0F8000846845 /* TipCalculatorView.swift in Sources */ = {isa = PBXBuildFile; fileRef = 143F5EE329CA0F8000846845 /* TipCalculatorView.swift */; };
		144B45D82A81640A00B82C75 /* ChatMessage.swift in Sources */ = {isa = PBXBuildFile; fileRef = 144B45D72A81640A00B82C75 /* ChatMessage.swift */; };
		144B45DC2A816DF800B82C75 /* OpenAIService.swift in Sources */ = {isa = PBXBuildFile; fileRef = 144B45DB2A816DF800B82C75 /* OpenAIService.swift */; };
		144B45DF2A816F1500B82C75 /* Alamofire in Frameworks */ = {isa = PBXBuildFile; productRef = 144B45DE2A816F1500B82C75 /* Alamofire */; };
		144B45E12A816F7400B82C75 /* OpenAIModel.swift in Sources */ = {isa = PBXBuildFile; fileRef = 144B45E02A816F7400B82C75 /* OpenAIModel.swift */; };
		144B45E32A81704800B82C75 /* Constants.swift in Sources */ = {isa = PBXBuildFile; fileRef = 144B45E22A81704800B82C75 /* Constants.swift */; };
		144B45E52A817B8200B82C75 /* ChatViewModel.swift in Sources */ = {isa = PBXBuildFile; fileRef = 144B45E42A817B8200B82C75 /* ChatViewModel.swift */; };
/* End PBXBuildFile section */

/* Begin PBXFileReference section */
		140240C42950D887007207F5 /* ChatGPTApp.app */ = {isa = PBXFileReference; explicitFileType = wrapper.application; includeInIndex = 0; path = ChatGPTApp.app; sourceTree = BUILT_PRODUCTS_DIR; };
		140240C72950D887007207F5 /* ChatGPTAppApp.swift */ = {isa = PBXFileReference; lastKnownFileType = sourcecode.swift; path = ChatGPTAppApp.swift; sourceTree = "<group>"; };
		140240C92950D887007207F5 /* ChatView.swift */ = {isa = PBXFileReference; lastKnownFileType = sourcecode.swift; path = ChatView.swift; sourceTree = "<group>"; };
		140240CB2950D888007207F5 /* Assets.xcassets */ = {isa = PBXFileReference; lastKnownFileType = folder.assetcatalog; path = Assets.xcassets; sourceTree = "<group>"; };
		140240CE2950D888007207F5 /* Preview Assets.xcassets */ = {isa = PBXFileReference; lastKnownFileType = folder.assetcatalog; path = "Preview Assets.xcassets"; sourceTree = "<group>"; };
		140C541D2A75154400C0D7F0 /* IncompatibleView.swift */ = {isa = PBXFileReference; lastKnownFileType = sourcecode.swift; path = IncompatibleView.swift; sourceTree = "<group>"; };
		143F5EE329CA0F8000846845 /* TipCalculatorView.swift */ = {isa = PBXFileReference; lastKnownFileType = sourcecode.swift; path = TipCalculatorView.swift; sourceTree = "<group>"; };
		144B45D72A81640A00B82C75 /* ChatMessage.swift */ = {isa = PBXFileReference; lastKnownFileType = sourcecode.swift; path = ChatMessage.swift; sourceTree = "<group>"; };
		144B45DB2A816DF800B82C75 /* OpenAIService.swift */ = {isa = PBXFileReference; lastKnownFileType = sourcecode.swift; path = OpenAIService.swift; sourceTree = "<group>"; };
		144B45E02A816F7400B82C75 /* OpenAIModel.swift */ = {isa = PBXFileReference; lastKnownFileType = sourcecode.swift; path = OpenAIModel.swift; sourceTree = "<group>"; };
		144B45E22A81704800B82C75 /* Constants.swift */ = {isa = PBXFileReference; lastKnownFileType = sourcecode.swift; path = Constants.swift; sourceTree = "<group>"; };
		144B45E42A817B8200B82C75 /* ChatViewModel.swift */ = {isa = PBXFileReference; lastKnownFileType = sourcecode.swift; path = ChatViewModel.swift; sourceTree = "<group>"; };
/* End PBXFileReference section */

/* Begin PBXFrameworksBuildPhase section */
		140240C12950D887007207F5 /* Frameworks */ = {
			isa = PBXFrameworksBuildPhase;
			buildActionMask = 2147483647;
			files = (
				144B45DF2A816F1500B82C75 /* Alamofire in Frameworks */,
			);
			runOnlyForDeploymentPostprocessing = 0;
		};
/* End PBXFrameworksBuildPhase section */

/* Begin PBXGroup section */
		140240BB2950D887007207F5 = {
			isa = PBXGroup;
			children = (
				140240C62950D887007207F5 /* ChatGPTApp */,
				140240C52950D887007207F5 /* Products */,
			);
			sourceTree = "<group>";
		};
		140240C52950D887007207F5 /* Products */ = {
			isa = PBXGroup;
			children = (
				140240C42950D887007207F5 /* ChatGPTApp.app */,
			);
			name = Products;
			sourceTree = "<group>";
		};
		140240C62950D887007207F5 /* ChatGPTApp */ = {
			isa = PBXGroup;
			children = (
				140240C72950D887007207F5 /* ChatGPTAppApp.swift */,
				140240C92950D887007207F5 /* ChatView.swift */,
				144B45E42A817B8200B82C75 /* ChatViewModel.swift */,
				140C541D2A75154400C0D7F0 /* IncompatibleView.swift */,
				144B45DA2A816DEB00B82C75 /* Service */,
				144B45D92A81650300B82C75 /* Models */,
				140240CB2950D888007207F5 /* Assets.xcassets */,
				143F5EE229CA0F2000846845 /* OtherProjects */,
				140240CD2950D888007207F5 /* Preview Content */,
			);
			path = ChatGPTApp;
			sourceTree = "<group>";
		};
		140240CD2950D888007207F5 /* Preview Content */ = {
			isa = PBXGroup;
			children = (
				140240CE2950D888007207F5 /* Preview Assets.xcassets */,
			);
			path = "Preview Content";
			sourceTree = "<group>";
		};
		143F5EE229CA0F2000846845 /* OtherProjects */ = {
			isa = PBXGroup;
			children = (
				143F5EE329CA0F8000846845 /* TipCalculatorView.swift */,
			);
			path = OtherProjects;
			sourceTree = "<group>";
		};
		144B45D92A81650300B82C75 /* Models */ = {
			isa = PBXGroup;
			children = (
				144B45E22A81704800B82C75 /* Constants.swift */,
				144B45D72A81640A00B82C75 /* ChatMessage.swift */,
				144B45E02A816F7400B82C75 /* OpenAIModel.swift */,
			);
			path = Models;
			sourceTree = "<group>";
		};
		144B45DA2A816DEB00B82C75 /* Service */ = {
			isa = PBXGroup;
			children = (
				144B45DB2A816DF800B82C75 /* OpenAIService.swift */,
			);
			path = Service;
			sourceTree = "<group>";
		};
/* End PBXGroup section */

/* Begin PBXNativeTarget section */
		140240C32950D887007207F5 /* ChatGPTApp */ = {
			isa = PBXNativeTarget;
			buildConfigurationList = 140240D22950D888007207F5 /* Build configuration list for PBXNativeTarget "ChatGPTApp" */;
			buildPhases = (
				140240C02950D887007207F5 /* Sources */,
				140240C12950D887007207F5 /* Frameworks */,
				140240C22950D887007207F5 /* Resources */,
			);
			buildRules = (
			);
			dependencies = (
			);
			name = ChatGPTApp;
			packageProductDependencies = (
				144B45DE2A816F1500B82C75 /* Alamofire */,
			);
			productName = ChatGPTApp;
			productReference = 140240C42950D887007207F5 /* ChatGPTApp.app */;
			productType = "com.apple.product-type.application";
		};
/* End PBXNativeTarget section */

/* Begin PBXProject section */
		140240BC2950D887007207F5 /* Project object */ = {
			isa = PBXProject;
			attributes = {
				BuildIndependentTargetsInParallel = 1;
				LastSwiftUpdateCheck = 1410;
				LastUpgradeCheck = 1410;
				TargetAttributes = {
					140240C32950D887007207F5 = {
						CreatedOnToolsVersion = 14.1;
					};
				};
			};
			buildConfigurationList = 140240BF2950D887007207F5 /* Build configuration list for PBXProject "ChatGPTApp" */;
			compatibilityVersion = "Xcode 14.0";
			developmentRegion = en;
			hasScannedForEncodings = 0;
			knownRegions = (
				en,
				Base,
			);
			mainGroup = 140240BB2950D887007207F5;
			packageReferences = (
				144B45DD2A816F1500B82C75 /* XCRemoteSwiftPackageReference "Alamofire" */,
			);
			productRefGroup = 140240C52950D887007207F5 /* Products */;
			projectDirPath = "";
			projectRoot = "";
			targets = (
				140240C32950D887007207F5 /* ChatGPTApp */,
			);
		};
/* End PBXProject section */

/* Begin PBXResourcesBuildPhase section */
		140240C22950D887007207F5 /* Resources */ = {
			isa = PBXResourcesBuildPhase;
			buildActionMask = 2147483647;
			files = (
				140240CF2950D888007207F5 /* Preview Assets.xcassets in Resources */,
				140240CC2950D888007207F5 /* Assets.xcassets in Resources */,
			);
			runOnlyForDeploymentPostprocessing = 0;
		};
/* End PBXResourcesBuildPhase section */

/* Begin PBXSourcesBuildPhase section */
		140240C02950D887007207F5 /* Sources */ = {
			isa = PBXSourcesBuildPhase;
			buildActionMask = 2147483647;
			files = (
				140240CA2950D887007207F5 /* ChatView.swift in Sources */,
				143F5EE429CA0F8000846845 /* TipCalculatorView.swift in Sources */,
				140240C82950D887007207F5 /* ChatGPTAppApp.swift in Sources */,
				144B45D82A81640A00B82C75 /* ChatMessage.swift in Sources */,
				140C541E2A75154400C0D7F0 /* IncompatibleView.swift in Sources */,
				144B45DC2A816DF800B82C75 /* OpenAIService.swift in Sources */,
				144B45E12A816F7400B82C75 /* OpenAIModel.swift in Sources */,
				144B45E52A817B8200B82C75 /* ChatViewModel.swift in Sources */,
				144B45E32A81704800B82C75 /* Constants.swift in Sources */,
			);
			runOnlyForDeploymentPostprocessing = 0;
		};
/* End PBXSourcesBuildPhase section */

/* Begin XCBuildConfiguration section */
		140240D02950D888007207F5 /* Debug */ = {
			isa = XCBuildConfiguration;
			buildSettings = {
				ALWAYS_SEARCH_USER_PATHS = NO;
				CLANG_ANALYZER_NONNULL = YES;
				CLANG_ANALYZER_NUMBER_OBJECT_CONVERSION = YES_AGGRESSIVE;
				CLANG_CXX_LANGUAGE_STANDARD = "gnu++20";
				CLANG_ENABLE_MODULES = YES;
				CLANG_ENABLE_OBJC_ARC = YES;
				CLANG_ENABLE_OBJC_WEAK = YES;
				CLANG_WARN_BLOCK_CAPTURE_AUTORELEASING = YES;
				CLANG_WARN_BOOL_CONVERSION = YES;
				CLANG_WARN_COMMA = YES;
				CLANG_WARN_CONSTANT_CONVERSION = YES;
				CLANG_WARN_DEPRECATED_OBJC_IMPLEMENTATIONS = YES;
				CLANG_WARN_DIRECT_OBJC_ISA_USAGE = YES_ERROR;
				CLANG_WARN_DOCUMENTATION_COMMENTS = YES;
				CLANG_WARN_EMPTY_BODY = YES;
				CLANG_WARN_ENUM_CONVERSION = YES;
				CLANG_WARN_INFINITE_RECURSION = YES;
				CLANG_WARN_INT_CONVERSION = YES;
				CLANG_WARN_NON_LITERAL_NULL_CONVERSION = YES;
				CLANG_WARN_OBJC_IMPLICIT_RETAIN_SELF = YES;
				CLANG_WARN_OBJC_LITERAL_CONVERSION = YES;
				CLANG_WARN_OBJC_ROOT_CLASS = YES_ERROR;
				CLANG_WARN_QUOTED_INCLUDE_IN_FRAMEWORK_HEADER = YES;
				CLANG_WARN_RANGE_LOOP_ANALYSIS = YES;
				CLANG_WARN_STRICT_PROTOTYPES = YES;
				CLANG_WARN_SUSPICIOUS_MOVE = YES;
				CLANG_WARN_UNGUARDED_AVAILABILITY = YES_AGGRESSIVE;
				CLANG_WARN_UNREACHABLE_CODE = YES;
				CLANG_WARN__DUPLICATE_METHOD_MATCH = YES;
				COPY_PHASE_STRIP = NO;
				DEBUG_INFORMATION_FORMAT = dwarf;
				ENABLE_STRICT_OBJC_MSGSEND = YES;
				ENABLE_TESTABILITY = YES;
				GCC_C_LANGUAGE_STANDARD = gnu11;
				GCC_DYNAMIC_NO_PIC = NO;
				GCC_NO_COMMON_BLOCKS = YES;
				GCC_OPTIMIZATION_LEVEL = 0;
				GCC_PREPROCESSOR_DEFINITIONS = (
					"DEBUG=1",
					"$(inherited)",
				);
				GCC_WARN_64_TO_32_BIT_CONVERSION = YES;
				GCC_WARN_ABOUT_RETURN_TYPE = YES_ERROR;
				GCC_WARN_UNDECLARED_SELECTOR = YES;
				GCC_WARN_UNINITIALIZED_AUTOS = YES_AGGRESSIVE;
				GCC_WARN_UNUSED_FUNCTION = YES;
				GCC_WARN_UNUSED_VARIABLE = YES;
				IPHONEOS_DEPLOYMENT_TARGET = 16.1;
				MTL_ENABLE_DEBUG_INFO = INCLUDE_SOURCE;
				MTL_FAST_MATH = YES;
				ONLY_ACTIVE_ARCH = YES;
				SDKROOT = iphoneos;
				SWIFT_ACTIVE_COMPILATION_CONDITIONS = DEBUG;
				SWIFT_OPTIMIZATION_LEVEL = "-Onone";
			};
			name = Debug;
		};
		140240D12950D888007207F5 /* Release */ = {
			isa = XCBuildConfiguration;
			buildSettings = {
				ALWAYS_SEARCH_USER_PATHS = NO;
				CLANG_ANALYZER_NONNULL = YES;
				CLANG_ANALYZER_NUMBER_OBJECT_CONVERSION = YES_AGGRESSIVE;
				CLANG_CXX_LANGUAGE_STANDARD = "gnu++20";
				CLANG_ENABLE_MODULES = YES;
				CLANG_ENABLE_OBJC_ARC = YES;
				CLANG_ENABLE_OBJC_WEAK = YES;
				CLANG_WARN_BLOCK_CAPTURE_AUTORELEASING = YES;
				CLANG_WARN_BOOL_CONVERSION = YES;
				CLANG_WARN_COMMA = YES;
				CLANG_WARN_CONSTANT_CONVERSION = YES;
				CLANG_WARN_DEPRECATED_OBJC_IMPLEMENTATIONS = YES;
				CLANG_WARN_DIRECT_OBJC_ISA_USAGE = YES_ERROR;
				CLANG_WARN_DOCUMENTATION_COMMENTS = YES;
				CLANG_WARN_EMPTY_BODY = YES;
				CLANG_WARN_ENUM_CONVERSION = YES;
				CLANG_WARN_INFINITE_RECURSION = YES;
				CLANG_WARN_INT_CONVERSION = YES;
				CLANG_WARN_NON_LITERAL_NULL_CONVERSION = YES;
				CLANG_WARN_OBJC_IMPLICIT_RETAIN_SELF = YES;
				CLANG_WARN_OBJC_LITERAL_CONVERSION = YES;
				CLANG_WARN_OBJC_ROOT_CLASS = YES_ERROR;
				CLANG_WARN_QUOTED_INCLUDE_IN_FRAMEWORK_HEADER = YES;
				CLANG_WARN_RANGE_LOOP_ANALYSIS = YES;
				CLANG_WARN_STRICT_PROTOTYPES = YES;
				CLANG_WARN_SUSPICIOUS_MOVE = YES;
				CLANG_WARN_UNGUARDED_AVAILABILITY = YES_AGGRESSIVE;
				CLANG_WARN_UNREACHABLE_CODE = YES;
				CLANG_WARN__DUPLICATE_METHOD_MATCH = YES;
				COPY_PHASE_STRIP = NO;
				DEBUG_INFORMATION_FORMAT = "dwarf-with-dsym";
				ENABLE_NS_ASSERTIONS = NO;
				ENABLE_STRICT_OBJC_MSGSEND = YES;
				GCC_C_LANGUAGE_STANDARD = gnu11;
				GCC_NO_COMMON_BLOCKS = YES;
				GCC_WARN_64_TO_32_BIT_CONVERSION = YES;
				GCC_WARN_ABOUT_RETURN_TYPE = YES_ERROR;
				GCC_WARN_UNDECLARED_SELECTOR = YES;
				GCC_WARN_UNINITIALIZED_AUTOS = YES_AGGRESSIVE;
				GCC_WARN_UNUSED_FUNCTION = YES;
				GCC_WARN_UNUSED_VARIABLE = YES;
				IPHONEOS_DEPLOYMENT_TARGET = 16.1;
				MTL_ENABLE_DEBUG_INFO = NO;
				MTL_FAST_MATH = YES;
				SDKROOT = iphoneos;
				SWIFT_COMPILATION_MODE = wholemodule;
				SWIFT_OPTIMIZATION_LEVEL = "-O";
				VALIDATE_PRODUCT = YES;
			};
			name = Release;
		};
		140240D32950D888007207F5 /* Debug */ = {
			isa = XCBuildConfiguration;
			buildSettings = {
				ASSETCATALOG_COMPILER_APPICON_NAME = AppIcon;
				ASSETCATALOG_COMPILER_GLOBAL_ACCENT_COLOR_NAME = AccentColor;
				CODE_SIGN_STYLE = Automatic;
				CURRENT_PROJECT_VERSION = 1;
				DEVELOPMENT_ASSET_PATHS = "\"ChatGPTApp/Preview Content\"";
				DEVELOPMENT_TEAM = 7SJZ7UMS8U;
				ENABLE_PREVIEWS = YES;
				GENERATE_INFOPLIST_FILE = YES;
				INFOPLIST_KEY_UIApplicationSceneManifest_Generation = YES;
				INFOPLIST_KEY_UIApplicationSupportsIndirectInputEvents = YES;
				INFOPLIST_KEY_UILaunchScreen_Generation = YES;
				INFOPLIST_KEY_UISupportedInterfaceOrientations_iPad = "UIInterfaceOrientationPortrait UIInterfaceOrientationPortraitUpsideDown UIInterfaceOrientationLandscapeLeft UIInterfaceOrientationLandscapeRight";
				INFOPLIST_KEY_UISupportedInterfaceOrientations_iPhone = "UIInterfaceOrientationPortrait UIInterfaceOrientationLandscapeLeft UIInterfaceOrientationLandscapeRight";
				LD_RUNPATH_SEARCH_PATHS = (
					"$(inherited)",
					"@executable_path/Frameworks",
				);
				MARKETING_VERSION = 1.0;
				PRODUCT_BUNDLE_IDENTIFIER = com.uni.goe.ChatGPTApp;
				PRODUCT_NAME = "$(TARGET_NAME)";
				SWIFT_EMIT_LOC_STRINGS = YES;
				SWIFT_VERSION = 5.0;
				TARGETED_DEVICE_FAMILY = "1,2";
			};
			name = Debug;
		};
		140240D42950D888007207F5 /* Release */ = {
			isa = XCBuildConfiguration;
			buildSettings = {
				ASSETCATALOG_COMPILER_APPICON_NAME = AppIcon;
				ASSETCATALOG_COMPILER_GLOBAL_ACCENT_COLOR_NAME = AccentColor;
				CODE_SIGN_STYLE = Automatic;
				CURRENT_PROJECT_VERSION = 1;
				DEVELOPMENT_ASSET_PATHS = "\"ChatGPTApp/Preview Content\"";
				DEVELOPMENT_TEAM = 7SJZ7UMS8U;
				ENABLE_PREVIEWS = YES;
				GENERATE_INFOPLIST_FILE = YES;
				INFOPLIST_KEY_UIApplicationSceneManifest_Generation = YES;
				INFOPLIST_KEY_UIApplicationSupportsIndirectInputEvents = YES;
				INFOPLIST_KEY_UILaunchScreen_Generation = YES;
				INFOPLIST_KEY_UISupportedInterfaceOrientations_iPad = "UIInterfaceOrientationPortrait UIInterfaceOrientationPortraitUpsideDown UIInterfaceOrientationLandscapeLeft UIInterfaceOrientationLandscapeRight";
				INFOPLIST_KEY_UISupportedInterfaceOrientations_iPhone = "UIInterfaceOrientationPortrait UIInterfaceOrientationLandscapeLeft UIInterfaceOrientationLandscapeRight";
				LD_RUNPATH_SEARCH_PATHS = (
					"$(inherited)",
					"@executable_path/Frameworks",
				);
				MARKETING_VERSION = 1.0;
				PRODUCT_BUNDLE_IDENTIFIER = com.uni.goe.ChatGPTApp;
				PRODUCT_NAME = "$(TARGET_NAME)";
				SWIFT_EMIT_LOC_STRINGS = YES;
				SWIFT_VERSION = 5.0;
				TARGETED_DEVICE_FAMILY = "1,2";
			};
			name = Release;
		};
/* End XCBuildConfiguration section */

/* Begin XCConfigurationList section */
		140240BF2950D887007207F5 /* Build configuration list for PBXProject "ChatGPTApp" */ = {
			isa = XCConfigurationList;
			buildConfigurations = (
				140240D02950D888007207F5 /* Debug */,
				140240D12950D888007207F5 /* Release */,
			);
			defaultConfigurationIsVisible = 0;
			defaultConfigurationName = Release;
		};
		140240D22950D888007207F5 /* Build configuration list for PBXNativeTarget "ChatGPTApp" */ = {
			isa = XCConfigurationList;
			buildConfigurations = (
				140240D32950D888007207F5 /* Debug */,
				140240D42950D888007207F5 /* Release */,
			);
			defaultConfigurationIsVisible = 0;
			defaultConfigurationName = Release;
		};
/* End XCConfigurationList section */

/* Begin XCRemoteSwiftPackageReference section */
		144B45DD2A816F1500B82C75 /* XCRemoteSwiftPackageReference "Alamofire" */ = {
			isa = XCRemoteSwiftPackageReference;
			repositoryURL = "https://github.com/Alamofire/Alamofire";
			requirement = {
				branch = master;
				kind = branch;
			};
		};
/* End XCRemoteSwiftPackageReference section */

/* Begin XCSwiftPackageProductDependency section */
		144B45DE2A816F1500B82C75 /* Alamofire */ = {
			isa = XCSwiftPackageProductDependency;
			package = 144B45DD2A816F1500B82C75 /* XCRemoteSwiftPackageReference "Alamofire" */;
			productName = Alamofire;
		};
/* End XCSwiftPackageProductDependency section */
	};
	rootObject = 140240BC2950D887007207F5 /* Project object */;
}
